// !$*UTF8*$!
{
	archiveVersion = 1;
	classes = {
	};
	objectVersion = 50;
	objects = {

/* Begin PBXBuildFile section */
		95E80EE92803DB87001B55AD /* AppDelegate.swift in Sources */ = {isa = PBXBuildFile; fileRef = 95E80EE82803DB87001B55AD /* AppDelegate.swift */; };
		95E80EEB2803DB87001B55AD /* SceneDelegate.swift in Sources */ = {isa = PBXBuildFile; fileRef = 95E80EEA2803DB87001B55AD /* SceneDelegate.swift */; };
		95E80EED2803DB87001B55AD /* HomePageVC.swift in Sources */ = {isa = PBXBuildFile; fileRef = 95E80EEC2803DB87001B55AD /* HomePageVC.swift */; };
		95E80EF02803DB87001B55AD /* Main.storyboard in Resources */ = {isa = PBXBuildFile; fileRef = 95E80EEE2803DB87001B55AD /* Main.storyboard */; };
		95E80EF22803DB88001B55AD /* Assets.xcassets in Resources */ = {isa = PBXBuildFile; fileRef = 95E80EF12803DB88001B55AD /* Assets.xcassets */; };
		95E80EF52803DB88001B55AD /* LaunchScreen.storyboard in Resources */ = {isa = PBXBuildFile; fileRef = 95E80EF32803DB88001B55AD /* LaunchScreen.storyboard */; };
		95E80EFD2803DCE2001B55AD /* Endpoint.swift in Sources */ = {isa = PBXBuildFile; fileRef = 95E80EFC2803DCE2001B55AD /* Endpoint.swift */; };
		95E80EFF2803DD06001B55AD /* ITunesEndpoint.swift in Sources */ = {isa = PBXBuildFile; fileRef = 95E80EFE2803DD06001B55AD /* ITunesEndpoint.swift */; };
		95E80F012803DD1A001B55AD /* ITunesModels.swift in Sources */ = {isa = PBXBuildFile; fileRef = 95E80F002803DD1A001B55AD /* ITunesModels.swift */; };
		95E80F032803DD2F001B55AD /* NetworkEngine.swift in Sources */ = {isa = PBXBuildFile; fileRef = 95E80F022803DD2F001B55AD /* NetworkEngine.swift */; };
		95E80F052803E1A2001B55AD /* DetailPageVC.swift in Sources */ = {isa = PBXBuildFile; fileRef = 95E80F042803E1A2001B55AD /* DetailPageVC.swift */; };
		95E80F072803E815001B55AD /* TrackTVC.swift in Sources */ = {isa = PBXBuildFile; fileRef = 95E80F062803E815001B55AD /* TrackTVC.swift */; };
		95E80F092803EBBA001B55AD /* UIImageViewExtension.swift in Sources */ = {isa = PBXBuildFile; fileRef = 95E80F082803EBBA001B55AD /* UIImageViewExtension.swift */; };
		95E80F0B2803F0EA001B55AD /* Spinner.swift in Sources */ = {isa = PBXBuildFile; fileRef = 95E80F0A2803F0EA001B55AD /* Spinner.swift */; };
		95E80F0D28040541001B55AD /* AudioPlayerWindow.swift in Sources */ = {isa = PBXBuildFile; fileRef = 95E80F0C28040541001B55AD /* AudioPlayerWindow.swift */; };
		95E80F0F280405BB001B55AD /* AudioPlayerVC.swift in Sources */ = {isa = PBXBuildFile; fileRef = 95E80F0E280405BB001B55AD /* AudioPlayerVC.swift */; };
/* End PBXBuildFile section */

/* Begin PBXFileReference section */
		95E80EE52803DB87001B55AD /* iTunesApp.app */ = {isa = PBXFileReference; explicitFileType = wrapper.application; includeInIndex = 0; path = iTunesApp.app; sourceTree = BUILT_PRODUCTS_DIR; };
		95E80EE82803DB87001B55AD /* AppDelegate.swift */ = {isa = PBXFileReference; lastKnownFileType = sourcecode.swift; path = AppDelegate.swift; sourceTree = "<group>"; };
		95E80EEA2803DB87001B55AD /* SceneDelegate.swift */ = {isa = PBXFileReference; lastKnownFileType = sourcecode.swift; path = SceneDelegate.swift; sourceTree = "<group>"; };
		95E80EEC2803DB87001B55AD /* HomePageVC.swift */ = {isa = PBXFileReference; lastKnownFileType = sourcecode.swift; path = HomePageVC.swift; sourceTree = "<group>"; };
		95E80EEF2803DB87001B55AD /* Base */ = {isa = PBXFileReference; lastKnownFileType = file.storyboard; name = Base; path = Base.lproj/Main.storyboard; sourceTree = "<group>"; };
		95E80EF12803DB88001B55AD /* Assets.xcassets */ = {isa = PBXFileReference; lastKnownFileType = folder.assetcatalog; path = Assets.xcassets; sourceTree = "<group>"; };
		95E80EF42803DB88001B55AD /* Base */ = {isa = PBXFileReference; lastKnownFileType = file.storyboard; name = Base; path = Base.lproj/LaunchScreen.storyboard; sourceTree = "<group>"; };
		95E80EF62803DB88001B55AD /* Info.plist */ = {isa = PBXFileReference; lastKnownFileType = text.plist.xml; path = Info.plist; sourceTree = "<group>"; };
		95E80EFC2803DCE2001B55AD /* Endpoint.swift */ = {isa = PBXFileReference; lastKnownFileType = sourcecode.swift; path = Endpoint.swift; sourceTree = "<group>"; };
		95E80EFE2803DD06001B55AD /* ITunesEndpoint.swift */ = {isa = PBXFileReference; lastKnownFileType = sourcecode.swift; path = ITunesEndpoint.swift; sourceTree = "<group>"; };
		95E80F002803DD1A001B55AD /* ITunesModels.swift */ = {isa = PBXFileReference; lastKnownFileType = sourcecode.swift; path = ITunesModels.swift; sourceTree = "<group>"; };
		95E80F022803DD2F001B55AD /* NetworkEngine.swift */ = {isa = PBXFileReference; lastKnownFileType = sourcecode.swift; path = NetworkEngine.swift; sourceTree = "<group>"; };
		95E80F042803E1A2001B55AD /* DetailPageVC.swift */ = {isa = PBXFileReference; lastKnownFileType = sourcecode.swift; path = DetailPageVC.swift; sourceTree = "<group>"; };
		95E80F062803E815001B55AD /* TrackTVC.swift */ = {isa = PBXFileReference; lastKnownFileType = sourcecode.swift; path = TrackTVC.swift; sourceTree = "<group>"; };
		95E80F082803EBBA001B55AD /* UIImageViewExtension.swift */ = {isa = PBXFileReference; lastKnownFileType = sourcecode.swift; path = UIImageViewExtension.swift; sourceTree = "<group>"; };
		95E80F0A2803F0EA001B55AD /* Spinner.swift */ = {isa = PBXFileReference; lastKnownFileType = sourcecode.swift; path = Spinner.swift; sourceTree = "<group>"; };
		95E80F0C28040541001B55AD /* AudioPlayerWindow.swift */ = {isa = PBXFileReference; lastKnownFileType = sourcecode.swift; path = AudioPlayerWindow.swift; sourceTree = "<group>"; };
		95E80F0E280405BB001B55AD /* AudioPlayerVC.swift */ = {isa = PBXFileReference; lastKnownFileType = sourcecode.swift; path = AudioPlayerVC.swift; sourceTree = "<group>"; };
/* End PBXFileReference section */

/* Begin PBXFrameworksBuildPhase section */
		95E80EE22803DB87001B55AD /* Frameworks */ = {
			isa = PBXFrameworksBuildPhase;
			buildActionMask = 2147483647;
			files = (
			);
			runOnlyForDeploymentPostprocessing = 0;
		};
/* End PBXFrameworksBuildPhase section */

/* Begin PBXGroup section */
		95E80EDC2803DB87001B55AD = {
			isa = PBXGroup;
			children = (
				95E80EE72803DB87001B55AD /* iTunesApp */,
				95E80EE62803DB87001B55AD /* Products */,
			);
			sourceTree = "<group>";
		};
		95E80EE62803DB87001B55AD /* Products */ = {
			isa = PBXGroup;
			children = (
				95E80EE52803DB87001B55AD /* iTunesApp.app */,
			);
			name = Products;
			sourceTree = "<group>";
		};
		95E80EE72803DB87001B55AD /* iTunesApp */ = {
			isa = PBXGroup;
			children = (
				95E80EE82803DB87001B55AD /* AppDelegate.swift */,
				95E80EEA2803DB87001B55AD /* SceneDelegate.swift */,
				95E80EEC2803DB87001B55AD /* HomePageVC.swift */,
				95E80EEE2803DB87001B55AD /* Main.storyboard */,
				95E80EF12803DB88001B55AD /* Assets.xcassets */,
				95E80EF32803DB88001B55AD /* LaunchScreen.storyboard */,
				95E80EF62803DB88001B55AD /* Info.plist */,
				95E80EFC2803DCE2001B55AD /* Endpoint.swift */,
				95E80EFE2803DD06001B55AD /* ITunesEndpoint.swift */,
				95E80F002803DD1A001B55AD /* ITunesModels.swift */,
				95E80F022803DD2F001B55AD /* NetworkEngine.swift */,
				95E80F042803E1A2001B55AD /* DetailPageVC.swift */,
				95E80F062803E815001B55AD /* TrackTVC.swift */,
				95E80F082803EBBA001B55AD /* UIImageViewExtension.swift */,
				95E80F0A2803F0EA001B55AD /* Spinner.swift */,
				95E80F0C28040541001B55AD /* AudioPlayerWindow.swift */,
				95E80F0E280405BB001B55AD /* AudioPlayerVC.swift */,
			);
			path = iTunesApp;
			sourceTree = "<group>";
		};
/* End PBXGroup section */

/* Begin PBXNativeTarget section */
		95E80EE42803DB87001B55AD /* iTunesApp */ = {
			isa = PBXNativeTarget;
			buildConfigurationList = 95E80EF92803DB88001B55AD /* Build configuration list for PBXNativeTarget "iTunesApp" */;
			buildPhases = (
				95E80EE12803DB87001B55AD /* Sources */,
				95E80EE22803DB87001B55AD /* Frameworks */,
				95E80EE32803DB87001B55AD /* Resources */,
			);
			buildRules = (
			);
			dependencies = (
			);
			name = iTunesApp;
			productName = iTunesApp;
			productReference = 95E80EE52803DB87001B55AD /* iTunesApp.app */;
			productType = "com.apple.product-type.application";
		};
/* End PBXNativeTarget section */

/* Begin PBXProject section */
		95E80EDD2803DB87001B55AD /* Project object */ = {
			isa = PBXProject;
			attributes = {
				LastSwiftUpdateCheck = 1250;
				LastUpgradeCheck = 1250;
				TargetAttributes = {
					95E80EE42803DB87001B55AD = {
						CreatedOnToolsVersion = 12.5;
					};
				};
			};
			buildConfigurationList = 95E80EE02803DB87001B55AD /* Build configuration list for PBXProject "iTunesApp" */;
			compatibilityVersion = "Xcode 9.3";
			developmentRegion = en;
			hasScannedForEncodings = 0;
			knownRegions = (
				en,
				Base,
			);
			mainGroup = 95E80EDC2803DB87001B55AD;
			productRefGroup = 95E80EE62803DB87001B55AD /* Products */;
			projectDirPath = "";
			projectRoot = "";
			targets = (
				95E80EE42803DB87001B55AD /* iTunesApp */,
			);
		};
/* End PBXProject section */

/* Begin PBXResourcesBuildPhase section */
		95E80EE32803DB87001B55AD /* Resources */ = {
			isa = PBXResourcesBuildPhase;
			buildActionMask = 2147483647;
			files = (
				95E80EF52803DB88001B55AD /* LaunchScreen.storyboard in Resources */,
				95E80EF22803DB88001B55AD /* Assets.xcassets in Resources */,
				95E80EF02803DB87001B55AD /* Main.storyboard in Resources */,
			);
			runOnlyForDeploymentPostprocessing = 0;
		};
/* End PBXResourcesBuildPhase section */

/* Begin PBXSourcesBuildPhase section */
		95E80EE12803DB87001B55AD /* Sources */ = {
			isa = PBXSourcesBuildPhase;
			buildActionMask = 2147483647;
			files = (
				95E80F0B2803F0EA001B55AD /* Spinner.swift in Sources */,
				95E80F092803EBBA001B55AD /* UIImageViewExtension.swift in Sources */,
				95E80EFF2803DD06001B55AD /* ITunesEndpoint.swift in Sources */,
				95E80F012803DD1A001B55AD /* ITunesModels.swift in Sources */,
				95E80F0F280405BB001B55AD /* AudioPlayerVC.swift in Sources */,
				95E80F032803DD2F001B55AD /* NetworkEngine.swift in Sources */,
				95E80EED2803DB87001B55AD /* HomePageVC.swift in Sources */,
				95E80F072803E815001B55AD /* TrackTVC.swift in Sources */,
				95E80EE92803DB87001B55AD /* AppDelegate.swift in Sources */,
				95E80EFD2803DCE2001B55AD /* Endpoint.swift in Sources */,
				95E80F0D28040541001B55AD /* AudioPlayerWindow.swift in Sources */,
				95E80F052803E1A2001B55AD /* DetailPageVC.swift in Sources */,
				95E80EEB2803DB87001B55AD /* SceneDelegate.swift in Sources */,
			);
			runOnlyForDeploymentPostprocessing = 0;
		};
/* End PBXSourcesBuildPhase section */

/* Begin PBXVariantGroup section */
		95E80EEE2803DB87001B55AD /* Main.storyboard */ = {
			isa = PBXVariantGroup;
			children = (
				95E80EEF2803DB87001B55AD /* Base */,
			);
			name = Main.storyboard;
			sourceTree = "<group>";
		};
		95E80EF32803DB88001B55AD /* LaunchScreen.storyboard */ = {
			isa = PBXVariantGroup;
			children = (
				95E80EF42803DB88001B55AD /* Base */,
			);
			name = LaunchScreen.storyboard;
			sourceTree = "<group>";
		};
/* End PBXVariantGroup section */

/* Begin XCBuildConfiguration section */
		95E80EF72803DB88001B55AD /* Debug */ = {
			isa = XCBuildConfiguration;
			buildSettings = {
				ALWAYS_SEARCH_USER_PATHS = NO;
				CLANG_ANALYZER_NONNULL = YES;
				CLANG_ANALYZER_NUMBER_OBJECT_CONVERSION = YES_AGGRESSIVE;
				CLANG_CXX_LANGUAGE_STANDARD = "gnu++14";
				CLANG_CXX_LIBRARY = "libc++";
				CLANG_ENABLE_MODULES = YES;
				CLANG_ENABLE_OBJC_ARC = YES;
				CLANG_ENABLE_OBJC_WEAK = YES;
				CLANG_WARN_BLOCK_CAPTURE_AUTORELEASING = YES;
				CLANG_WARN_BOOL_CONVERSION = YES;
				CLANG_WARN_COMMA = YES;
				CLANG_WARN_CONSTANT_CONVERSION = YES;
				CLANG_WARN_DEPRECATED_OBJC_IMPLEMENTATIONS = YES;
				CLANG_WARN_DIRECT_OBJC_ISA_USAGE = YES_ERROR;
				CLANG_WARN_DOCUMENTATION_COMMENTS = YES;
				CLANG_WARN_EMPTY_BODY = YES;
				CLANG_WARN_ENUM_CONVERSION = YES;
				CLANG_WARN_INFINITE_RECURSION = YES;
				CLANG_WARN_INT_CONVERSION = YES;
				CLANG_WARN_NON_LITERAL_NULL_CONVERSION = YES;
				CLANG_WARN_OBJC_IMPLICIT_RETAIN_SELF = YES;
				CLANG_WARN_OBJC_LITERAL_CONVERSION = YES;
				CLANG_WARN_OBJC_ROOT_CLASS = YES_ERROR;
				CLANG_WARN_QUOTED_INCLUDE_IN_FRAMEWORK_HEADER = YES;
				CLANG_WARN_RANGE_LOOP_ANALYSIS = YES;
				CLANG_WARN_STRICT_PROTOTYPES = YES;
				CLANG_WARN_SUSPICIOUS_MOVE = YES;
				CLANG_WARN_UNGUARDED_AVAILABILITY = YES_AGGRESSIVE;
				CLANG_WARN_UNREACHABLE_CODE = YES;
				CLANG_WARN__DUPLICATE_METHOD_MATCH = YES;
				COPY_PHASE_STRIP = NO;
				DEBUG_INFORMATION_FORMAT = dwarf;
				ENABLE_STRICT_OBJC_MSGSEND = YES;
				ENABLE_TESTABILITY = YES;
				GCC_C_LANGUAGE_STANDARD = gnu11;
				GCC_DYNAMIC_NO_PIC = NO;
				GCC_NO_COMMON_BLOCKS = YES;
				GCC_OPTIMIZATION_LEVEL = 0;
				GCC_PREPROCESSOR_DEFINITIONS = (
					"DEBUG=1",
					"$(inherited)",
				);
				GCC_WARN_64_TO_32_BIT_CONVERSION = YES;
				GCC_WARN_ABOUT_RETURN_TYPE = YES_ERROR;
				GCC_WARN_UNDECLARED_SELECTOR = YES;
				GCC_WARN_UNINITIALIZED_AUTOS = YES_AGGRESSIVE;
				GCC_WARN_UNUSED_FUNCTION = YES;
				GCC_WARN_UNUSED_VARIABLE = YES;
				IPHONEOS_DEPLOYMENT_TARGET = 14.5;
				MTL_ENABLE_DEBUG_INFO = INCLUDE_SOURCE;
				MTL_FAST_MATH = YES;
				ONLY_ACTIVE_ARCH = YES;
				SDKROOT = iphoneos;
				SWIFT_ACTIVE_COMPILATION_CONDITIONS = DEBUG;
				SWIFT_OPTIMIZATION_LEVEL = "-Onone";
			};
			name = Debug;
		};
		95E80EF82803DB88001B55AD /* Release */ = {
			isa = XCBuildConfiguration;
			buildSettings = {
				ALWAYS_SEARCH_USER_PATHS = NO;
				CLANG_ANALYZER_NONNULL = YES;
				CLANG_ANALYZER_NUMBER_OBJECT_CONVERSION = YES_AGGRESSIVE;
				CLANG_CXX_LANGUAGE_STANDARD = "gnu++14";
				CLANG_CXX_LIBRARY = "libc++";
				CLANG_ENABLE_MODULES = YES;
				CLANG_ENABLE_OBJC_ARC = YES;
				CLANG_ENABLE_OBJC_WEAK = YES;
				CLANG_WARN_BLOCK_CAPTURE_AUTORELEASING = YES;
				CLANG_WARN_BOOL_CONVERSION = YES;
				CLANG_WARN_COMMA = YES;
				CLANG_WARN_CONSTANT_CONVERSION = YES;
				CLANG_WARN_DEPRECATED_OBJC_IMPLEMENTATIONS = YES;
				CLANG_WARN_DIRECT_OBJC_ISA_USAGE = YES_ERROR;
				CLANG_WARN_DOCUMENTATION_COMMENTS = YES;
				CLANG_WARN_EMPTY_BODY = YES;
				CLANG_WARN_ENUM_CONVERSION = YES;
				CLANG_WARN_INFINITE_RECURSION = YES;
				CLANG_WARN_INT_CONVERSION = YES;
				CLANG_WARN_NON_LITERAL_NULL_CONVERSION = YES;
				CLANG_WARN_OBJC_IMPLICIT_RETAIN_SELF = YES;
				CLANG_WARN_OBJC_LITERAL_CONVERSION = YES;
				CLANG_WARN_OBJC_ROOT_CLASS = YES_ERROR;
				CLANG_WARN_QUOTED_INCLUDE_IN_FRAMEWORK_HEADER = YES;
				CLANG_WARN_RANGE_LOOP_ANALYSIS = YES;
				CLANG_WARN_STRICT_PROTOTYPES = YES;
				CLANG_WARN_SUSPICIOUS_MOVE = YES;
				CLANG_WARN_UNGUARDED_AVAILABILITY = YES_AGGRESSIVE;
				CLANG_WARN_UNREACHABLE_CODE = YES;
				CLANG_WARN__DUPLICATE_METHOD_MATCH = YES;
				COPY_PHASE_STRIP = NO;
				DEBUG_INFORMATION_FORMAT = "dwarf-with-dsym";
				ENABLE_NS_ASSERTIONS = NO;
				ENABLE_STRICT_OBJC_MSGSEND = YES;
				GCC_C_LANGUAGE_STANDARD = gnu11;
				GCC_NO_COMMON_BLOCKS = YES;
				GCC_WARN_64_TO_32_BIT_CONVERSION = YES;
				GCC_WARN_ABOUT_RETURN_TYPE = YES_ERROR;
				GCC_WARN_UNDECLARED_SELECTOR = YES;
				GCC_WARN_UNINITIALIZED_AUTOS = YES_AGGRESSIVE;
				GCC_WARN_UNUSED_FUNCTION = YES;
				GCC_WARN_UNUSED_VARIABLE = YES;
				IPHONEOS_DEPLOYMENT_TARGET = 14.5;
				MTL_ENABLE_DEBUG_INFO = NO;
				MTL_FAST_MATH = YES;
				SDKROOT = iphoneos;
				SWIFT_COMPILATION_MODE = wholemodule;
				SWIFT_OPTIMIZATION_LEVEL = "-O";
				VALIDATE_PRODUCT = YES;
			};
			name = Release;
		};
		95E80EFA2803DB88001B55AD /* Debug */ = {
			isa = XCBuildConfiguration;
			buildSettings = {
				ASSETCATALOG_COMPILER_APPICON_NAME = AppIcon;
				ASSETCATALOG_COMPILER_GLOBAL_ACCENT_COLOR_NAME = AccentColor;
				CODE_SIGN_STYLE = Automatic;
				DEVELOPMENT_TEAM = V4C8JA4SFU;
				INFOPLIST_FILE = iTunesApp/Info.plist;
				LD_RUNPATH_SEARCH_PATHS = (
					"$(inherited)",
					"@executable_path/Frameworks",
				);
				PRODUCT_BUNDLE_IDENTIFIER = foo.bar.iTunesApp;
				PRODUCT_NAME = "$(TARGET_NAME)";
				SWIFT_VERSION = 5.0;
				TARGETED_DEVICE_FAMILY = "1,2";
			};
			name = Debug;
		};
		95E80EFB2803DB88001B55AD /* Release */ = {
			isa = XCBuildConfiguration;
			buildSettings = {
				ASSETCATALOG_COMPILER_APPICON_NAME = AppIcon;
				ASSETCATALOG_COMPILER_GLOBAL_ACCENT_COLOR_NAME = AccentColor;
				CODE_SIGN_STYLE = Automatic;
				DEVELOPMENT_TEAM = V4C8JA4SFU;
				INFOPLIST_FILE = iTunesApp/Info.plist;
				LD_RUNPATH_SEARCH_PATHS = (
					"$(inherited)",
					"@executable_path/Frameworks",
				);
				PRODUCT_BUNDLE_IDENTIFIER = foo.bar.iTunesApp;
				PRODUCT_NAME = "$(TARGET_NAME)";
				SWIFT_VERSION = 5.0;
				TARGETED_DEVICE_FAMILY = "1,2";
			};
			name = Release;
		};
/* End XCBuildConfiguration section */

/* Begin XCConfigurationList section */
		95E80EE02803DB87001B55AD /* Build configuration list for PBXProject "iTunesApp" */ = {
			isa = XCConfigurationList;
			buildConfigurations = (
				95E80EF72803DB88001B55AD /* Debug */,
				95E80EF82803DB88001B55AD /* Release */,
			);
			defaultConfigurationIsVisible = 0;
			defaultConfigurationName = Release;
		};
		95E80EF92803DB88001B55AD /* Build configuration list for PBXNativeTarget "iTunesApp" */ = {
			isa = XCConfigurationList;
			buildConfigurations = (
				95E80EFA2803DB88001B55AD /* Debug */,
				95E80EFB2803DB88001B55AD /* Release */,
			);
			defaultConfigurationIsVisible = 0;
			defaultConfigurationName = Release;
		};
/* End XCConfigurationList section */
	};
	rootObject = 95E80EDD2803DB87001B55AD /* Project object */;
}
